
Microsoft Visual Studio Solution File, Format Version 12.00
# Visual Studio Version 17
VisualStudioVersion = 17.5.33516.290
MinimumVisualStudioVersion = 10.0.40219.1
Project("{FAE04EC0-301F-11D3-BF4B-00C04F79EFBC}") = "Payroll Application Winforms", "Payroll Application Winforms\Payroll Application Winforms.csproj", "{7DA58CB7-DF86-403E-9A82-E6A272196867}"
EndProject
Project("{FAE04EC0-301F-11D3-BF4B-00C04F79EFBC}") = "Payroll.Service", "Payroll.Service\Payroll.Service.csproj", "{96532E54-3958-4A89-BC47-189F51E7F8A0}"
EndProject
Project("{FAE04EC0-301F-11D3-BF4B-00C04F79EFBC}") = "Payroll.DataAccess", "Payroll.DataAccess\Payroll.DataAccess.csproj", "{93604C43-A97D-4035-9FDD-EDCD5135976C}"
EndProject
Global
	GlobalSection(SolutionConfigurationPlatforms) = preSolution
		Debug|Any CPU = Debug|Any CPU
		Release|Any CPU = Release|Any CPU
	EndGlobalSection
	GlobalSection(ProjectConfigurationPlatforms) = postSolution
		{7DA58CB7-DF86-403E-9A82-E6A272196867}.Debug|Any CPU.ActiveCfg = Debug|Any CPU
		{7DA58CB7-DF86-403E-9A82-E6A272196867}.Debug|Any CPU.Build.0 = Debug|Any CPU
		{7DA58CB7-DF86-403E-9A82-E6A272196867}.Release|Any CPU.ActiveCfg = Release|Any CPU
		{7DA58CB7-DF86-403E-9A82-E6A272196867}.Release|Any CPU.Build.0 = Release|Any CPU
		{96532E54-3958-4A89-BC47-189F51E7F8A0}.Debug|Any CPU.ActiveCfg = Debug|Any CPU
		{96532E54-3958-4A89-BC47-189F51E7F8A0}.Debug|Any CPU.Build.0 = Debug|Any CPU
		{96532E54-3958-4A89-BC47-189F51E7F8A0}.Release|Any CPU.ActiveCfg = Release|Any CPU
		{96532E54-3958-4A89-BC47-189F51E7F8A0}.Release|Any CPU.Build.0 = Release|Any CPU
		{93604C43-A97D-4035-9FDD-EDCD5135976C}.Debug|Any CPU.ActiveCfg = Debug|Any CPU
		{93604C43-A97D-4035-9FDD-EDCD5135976C}.Debug|Any CPU.Build.0 = Debug|Any CPU
		{93604C43-A97D-4035-9FDD-EDCD5135976C}.Release|Any CPU.ActiveCfg = Release|Any CPU
		{93604C43-A97D-4035-9FDD-EDCD5135976C}.Release|Any CPU.Build.0 = Release|Any CPU
	EndGlobalSection
	GlobalSection(SolutionProperties) = preSolution
		HideSolutionNode = FALSE
	EndGlobalSection
	GlobalSection(ExtensibilityGlobals) = postSolution
		SolutionGuid = {420B96E9-52F5-45B8-A693-4B2AB766415E}
	EndGlobalSection
EndGlobal
